
Microsoft Visual Studio Solution File, Format Version 12.00
# Visual Studio Version 17
VisualStudioVersion = 17.5.33424.131
MinimumVisualStudioVersion = 10.0.40219.1
Project("{FAE04EC0-301F-11D3-BF4B-00C04F79EFBC}") = "exemple15_02", "exemple15_02\exemple15_02.csproj", "{F08B7FA6-134A-40BC-9434-A7DDEB5AAD00}"
EndProject
Project("{FAE04EC0-301F-11D3-BF4B-00C04F79EFBC}") = "Exemple_2", "Exemple_2\Exemple_2.csproj", "{EB702658-FCBB-4A9B-9887-DE3E8C0D12B8}"
EndProject
Project("{FAE04EC0-301F-11D3-BF4B-00C04F79EFBC}") = "exemple3", "exemple3\exemple3.csproj", "{5BCB83A3-5C7F-488A-A59F-7DA337BB845A}"
EndProject
Global
	GlobalSection(SolutionConfigurationPlatforms) = preSolution
		Debug|Any CPU = Debug|Any CPU
		Release|Any CPU = Release|Any CPU
	EndGlobalSection
	GlobalSection(ProjectConfigurationPlatforms) = postSolution
		{F08B7FA6-134A-40BC-9434-A7DDEB5AAD00}.Debug|Any CPU.ActiveCfg = Debug|Any CPU
		{F08B7FA6-134A-40BC-9434-A7DDEB5AAD00}.Debug|Any CPU.Build.0 = Debug|Any CPU
		{F08B7FA6-134A-40BC-9434-A7DDEB5AAD00}.Release|Any CPU.ActiveCfg = Release|Any CPU
		{F08B7FA6-134A-40BC-9434-A7DDEB5AAD00}.Release|Any CPU.Build.0 = Release|Any CPU
		{EB702658-FCBB-4A9B-9887-DE3E8C0D12B8}.Debug|Any CPU.ActiveCfg = Debug|Any CPU
		{EB702658-FCBB-4A9B-9887-DE3E8C0D12B8}.Debug|Any CPU.Build.0 = Debug|Any CPU
		{EB702658-FCBB-4A9B-9887-DE3E8C0D12B8}.Release|Any CPU.ActiveCfg = Release|Any CPU
		{EB702658-FCBB-4A9B-9887-DE3E8C0D12B8}.Release|Any CPU.Build.0 = Release|Any CPU
		{5BCB83A3-5C7F-488A-A59F-7DA337BB845A}.Debug|Any CPU.ActiveCfg = Debug|Any CPU
		{5BCB83A3-5C7F-488A-A59F-7DA337BB845A}.Debug|Any CPU.Build.0 = Debug|Any CPU
		{5BCB83A3-5C7F-488A-A59F-7DA337BB845A}.Release|Any CPU.ActiveCfg = Release|Any CPU
		{5BCB83A3-5C7F-488A-A59F-7DA337BB845A}.Release|Any CPU.Build.0 = Release|Any CPU
	EndGlobalSection
	GlobalSection(SolutionProperties) = preSolution
		HideSolutionNode = FALSE
	EndGlobalSection
	GlobalSection(ExtensibilityGlobals) = postSolution
		SolutionGuid = {CB547E7B-56E4-4271-BE5E-CE066F48ACE5}
	EndGlobalSection
EndGlobal
